
Microsoft Visual Studio Solution File, Format Version 12.00
# Visual Studio Version 17
VisualStudioVersion = 17.3.32825.248
MinimumVisualStudioVersion = 10.0.40219.1
Project("{FAE04EC0-301F-11D3-BF4B-00C04F79EFBC}") = "WebhookSenderForOBS", "WebhookSenderForOBS.csproj", "{FDDE9BF5-62C5-42BB-A543-DCFB4B414B83}"
EndProject
Global
	GlobalSection(SolutionConfigurationPlatforms) = preSolution
		Debug|Any CPU = Debug|Any CPU
		Release|Any CPU = Release|Any CPU
	EndGlobalSection
	GlobalSection(ProjectConfigurationPlatforms) = postSolution
		{FDDE9BF5-62C5-42BB-A543-DCFB4B414B83}.Debug|Any CPU.ActiveCfg = Debug|Any CPU
		{FDDE9BF5-62C5-42BB-A543-DCFB4B414B83}.Debug|Any CPU.Build.0 = Debug|Any CPU
		{FDDE9BF5-62C5-42BB-A543-DCFB4B414B83}.Release|Any CPU.ActiveCfg = Release|Any CPU
		{FDDE9BF5-62C5-42BB-A543-DCFB4B414B83}.Release|Any CPU.Build.0 = Release|Any CPU
	EndGlobalSection
	GlobalSection(SolutionProperties) = preSolution
		HideSolutionNode = FALSE
	EndGlobalSection
	GlobalSection(ExtensibilityGlobals) = postSolution
		SolutionGuid = {9E7A95F8-874D-48AF-B97F-15FDEB6BF78A}
	EndGlobalSection
EndGlobal
